
Microsoft Visual Studio Solution File, Format Version 12.00
# Visual Studio Version 17
VisualStudioVersion = 17.10.34916.146
MinimumVisualStudioVersion = 10.0.40219.1
Project("{9A19103F-16F7-4668-BE54-9A1E7A4F7556}") = "E-CommerceProductAPI", "E-CommerceProductAPI\E-CommerceProductAPI.csproj", "{379E60D8-7320-4861-8DDD-EDD47A1EDE8A}"
EndProject
Project("{2150E333-8FDC-42A3-9474-1A3956D46DE8}") = "src", "src", "{B46423E8-1D32-42AB-82C3-71CE26BDE079}"
EndProject
Project("{2150E333-8FDC-42A3-9474-1A3956D46DE8}") = "core", "core", "{3B49E50C-2436-4A7D-BFDA-55D59A0280FC}"
EndProject
Project("{2150E333-8FDC-42A3-9474-1A3956D46DE8}") = "Infrastructure", "Infrastructure", "{69FB847B-7943-4337-ADDF-4ABCCFDFEC3B}"
EndProject
Project("{2150E333-8FDC-42A3-9474-1A3956D46DE8}") = "Presentation", "Presentation", "{56A2856E-BEAA-4E0A-8A95-71C08A57A4A6}"
EndProject
Project("{9A19103F-16F7-4668-BE54-9A1E7A4F7556}") = "E-CommerceProduct.Application", "E-CommerceProduct.Application\E-CommerceProduct.Application.csproj", "{63AF7FF7-B719-4D24-B457-F1AB3284236E}"
EndProject
Project("{9A19103F-16F7-4668-BE54-9A1E7A4F7556}") = "E-CommerceProduct.Domain", "E-CommerceProduct.Domain\E-CommerceProduct.Domain.csproj", "{7F77EF86-A154-48F8-BF05-C92ACB496087}"
EndProject
Project("{9A19103F-16F7-4668-BE54-9A1E7A4F7556}") = "E-CommerceProduct.Infrastructure", "E-CommerceProduct.Infrastructure\E-CommerceProduct.Infrastructure.csproj", "{52F476FD-3B77-41CF-8E1E-84FC53B62702}"
EndProject
Project("{9A19103F-16F7-4668-BE54-9A1E7A4F7556}") = "E-CommerceProduct.Persistance", "E-CommerceProduct.Persistance\E-CommerceProduct.Persistance.csproj", "{07F5563F-4486-45FE-8851-9AB210D3301B}"
EndProject
Project("{E53339B2-1760-4266-BCC7-CA923CBCF16C}") = "docker-compose", "docker-compose.dcproj", "{67790C71-78F2-450A-89D2-72F6361440BD}"
EndProject
Global
	GlobalSection(SolutionConfigurationPlatforms) = preSolution
		Debug|Any CPU = Debug|Any CPU
		Release|Any CPU = Release|Any CPU
	EndGlobalSection
	GlobalSection(ProjectConfigurationPlatforms) = postSolution
		{379E60D8-7320-4861-8DDD-EDD47A1EDE8A}.Debug|Any CPU.ActiveCfg = Debug|Any CPU
		{379E60D8-7320-4861-8DDD-EDD47A1EDE8A}.Debug|Any CPU.Build.0 = Debug|Any CPU
		{379E60D8-7320-4861-8DDD-EDD47A1EDE8A}.Release|Any CPU.ActiveCfg = Release|Any CPU
		{379E60D8-7320-4861-8DDD-EDD47A1EDE8A}.Release|Any CPU.Build.0 = Release|Any CPU
		{63AF7FF7-B719-4D24-B457-F1AB3284236E}.Debug|Any CPU.ActiveCfg = Debug|Any CPU
		{63AF7FF7-B719-4D24-B457-F1AB3284236E}.Debug|Any CPU.Build.0 = Debug|Any CPU
		{63AF7FF7-B719-4D24-B457-F1AB3284236E}.Release|Any CPU.ActiveCfg = Release|Any CPU
		{63AF7FF7-B719-4D24-B457-F1AB3284236E}.Release|Any CPU.Build.0 = Release|Any CPU
		{7F77EF86-A154-48F8-BF05-C92ACB496087}.Debug|Any CPU.ActiveCfg = Debug|Any CPU
		{7F77EF86-A154-48F8-BF05-C92ACB496087}.Debug|Any CPU.Build.0 = Debug|Any CPU
		{7F77EF86-A154-48F8-BF05-C92ACB496087}.Release|Any CPU.ActiveCfg = Release|Any CPU
		{7F77EF86-A154-48F8-BF05-C92ACB496087}.Release|Any CPU.Build.0 = Release|Any CPU
		{52F476FD-3B77-41CF-8E1E-84FC53B62702}.Debug|Any CPU.ActiveCfg = Debug|Any CPU
		{52F476FD-3B77-41CF-8E1E-84FC53B62702}.Debug|Any CPU.Build.0 = Debug|Any CPU
		{52F476FD-3B77-41CF-8E1E-84FC53B62702}.Release|Any CPU.ActiveCfg = Release|Any CPU
		{52F476FD-3B77-41CF-8E1E-84FC53B62702}.Release|Any CPU.Build.0 = Release|Any CPU
		{07F5563F-4486-45FE-8851-9AB210D3301B}.Debug|Any CPU.ActiveCfg = Debug|Any CPU
		{07F5563F-4486-45FE-8851-9AB210D3301B}.Debug|Any CPU.Build.0 = Debug|Any CPU
		{07F5563F-4486-45FE-8851-9AB210D3301B}.Release|Any CPU.ActiveCfg = Release|Any CPU
		{07F5563F-4486-45FE-8851-9AB210D3301B}.Release|Any CPU.Build.0 = Release|Any CPU
		{67790C71-78F2-450A-89D2-72F6361440BD}.Debug|Any CPU.ActiveCfg = Debug|Any CPU
		{67790C71-78F2-450A-89D2-72F6361440BD}.Debug|Any CPU.Build.0 = Debug|Any CPU
		{67790C71-78F2-450A-89D2-72F6361440BD}.Release|Any CPU.ActiveCfg = Release|Any CPU
		{67790C71-78F2-450A-89D2-72F6361440BD}.Release|Any CPU.Build.0 = Release|Any CPU
	EndGlobalSection
	GlobalSection(SolutionProperties) = preSolution
		HideSolutionNode = FALSE
	EndGlobalSection
	GlobalSection(NestedProjects) = preSolution
		{379E60D8-7320-4861-8DDD-EDD47A1EDE8A} = {56A2856E-BEAA-4E0A-8A95-71C08A57A4A6}
		{3B49E50C-2436-4A7D-BFDA-55D59A0280FC} = {B46423E8-1D32-42AB-82C3-71CE26BDE079}
		{69FB847B-7943-4337-ADDF-4ABCCFDFEC3B} = {B46423E8-1D32-42AB-82C3-71CE26BDE079}
		{56A2856E-BEAA-4E0A-8A95-71C08A57A4A6} = {B46423E8-1D32-42AB-82C3-71CE26BDE079}
		{63AF7FF7-B719-4D24-B457-F1AB3284236E} = {3B49E50C-2436-4A7D-BFDA-55D59A0280FC}
		{7F77EF86-A154-48F8-BF05-C92ACB496087} = {3B49E50C-2436-4A7D-BFDA-55D59A0280FC}
		{52F476FD-3B77-41CF-8E1E-84FC53B62702} = {69FB847B-7943-4337-ADDF-4ABCCFDFEC3B}
		{07F5563F-4486-45FE-8851-9AB210D3301B} = {69FB847B-7943-4337-ADDF-4ABCCFDFEC3B}
	EndGlobalSection
	GlobalSection(ExtensibilityGlobals) = postSolution
		SolutionGuid = {C02C7DEF-B22C-4B8F-82F6-C2F424E4B5B1}
	EndGlobalSection
EndGlobal
